// !$*UTF8*$!
{
	archiveVersion = 1;
	classes = {
	};
	objectVersion = 56;
	objects = {

/* Begin PBXBuildFile section */
		150ADE882C13E716005F40DC /* WelcomeView.swift in Sources */ = {isa = PBXBuildFile; fileRef = 150ADE872C13E716005F40DC /* WelcomeView.swift */; };
		150ADE8A2C141132005F40DC /* HorizontallyAlignedLabelStyle.swift in Sources */ = {isa = PBXBuildFile; fileRef = 150ADE892C141132005F40DC /* HorizontallyAlignedLabelStyle.swift */; };
		1566D3EC2C13E54000232833 /* KuchiApp.swift in Sources */ = {isa = PBXBuildFile; fileRef = 1566D3EB2C13E54000232833 /* KuchiApp.swift */; };
		1566D3EE2C13E54000232833 /* HomeView.swift in Sources */ = {isa = PBXBuildFile; fileRef = 1566D3ED2C13E54000232833 /* HomeView.swift */; };
		1566D3F02C13E54100232833 /* Assets.xcassets in Resources */ = {isa = PBXBuildFile; fileRef = 1566D3EF2C13E54100232833 /* Assets.xcassets */; };
		1566D3F32C13E54100232833 /* Preview Assets.xcassets in Resources */ = {isa = PBXBuildFile; fileRef = 1566D3F22C13E54100232833 /* Preview Assets.xcassets */; };
		1566D3FD2C13E54100232833 /* KuchiTests.swift in Sources */ = {isa = PBXBuildFile; fileRef = 1566D3FC2C13E54100232833 /* KuchiTests.swift */; };
		1566D4072C13E54100232833 /* KuchiUITests.swift in Sources */ = {isa = PBXBuildFile; fileRef = 1566D4062C13E54100232833 /* KuchiUITests.swift */; };
		1566D4092C13E54100232833 /* KuchiUITestsLaunchTests.swift in Sources */ = {isa = PBXBuildFile; fileRef = 1566D4082C13E54100232833 /* KuchiUITestsLaunchTests.swift */; };
		1566D4182C13E60E00232833 /* Preview Assets.xcassets in Resources */ = {isa = PBXBuildFile; fileRef = 1566D4172C13E60E00232833 /* Preview Assets.xcassets */; };
		1566D41A2C13E63A00232833 /* jp.json in Resources */ = {isa = PBXBuildFile; fileRef = 1566D4192C13E63A00232833 /* jp.json */; };
/* End PBXBuildFile section */

/* Begin PBXContainerItemProxy section */
		1566D3F92C13E54100232833 /* PBXContainerItemProxy */ = {
			isa = PBXContainerItemProxy;
			containerPortal = 1566D3E02C13E54000232833 /* Project object */;
			proxyType = 1;
			remoteGlobalIDString = 1566D3E72C13E54000232833;
			remoteInfo = Kuchi;
		};
		1566D4032C13E54100232833 /* PBXContainerItemProxy */ = {
			isa = PBXContainerItemProxy;
			containerPortal = 1566D3E02C13E54000232833 /* Project object */;
			proxyType = 1;
			remoteGlobalIDString = 1566D3E72C13E54000232833;
			remoteInfo = Kuchi;
		};
/* End PBXContainerItemProxy section */

/* Begin PBXFileReference section */
		150ADE872C13E716005F40DC /* WelcomeView.swift */ = {isa = PBXFileReference; lastKnownFileType = sourcecode.swift; path = WelcomeView.swift; sourceTree = "<group>"; };
		150ADE892C141132005F40DC /* HorizontallyAlignedLabelStyle.swift */ = {isa = PBXFileReference; lastKnownFileType = sourcecode.swift; path = HorizontallyAlignedLabelStyle.swift; sourceTree = "<group>"; };
		1566D3E82C13E54000232833 /* Kuchi.app */ = {isa = PBXFileReference; explicitFileType = wrapper.application; includeInIndex = 0; path = Kuchi.app; sourceTree = BUILT_PRODUCTS_DIR; };
		1566D3EB2C13E54000232833 /* KuchiApp.swift */ = {isa = PBXFileReference; lastKnownFileType = sourcecode.swift; path = KuchiApp.swift; sourceTree = "<group>"; };
		1566D3ED2C13E54000232833 /* HomeView.swift */ = {isa = PBXFileReference; lastKnownFileType = sourcecode.swift; path = HomeView.swift; sourceTree = "<group>"; };
		1566D3EF2C13E54100232833 /* Assets.xcassets */ = {isa = PBXFileReference; lastKnownFileType = folder.assetcatalog; path = Assets.xcassets; sourceTree = "<group>"; };
		1566D3F22C13E54100232833 /* Preview Assets.xcassets */ = {isa = PBXFileReference; lastKnownFileType = folder.assetcatalog; path = "Preview Assets.xcassets"; sourceTree = "<group>"; };
		1566D3F82C13E54100232833 /* KuchiTests.xctest */ = {isa = PBXFileReference; explicitFileType = wrapper.cfbundle; includeInIndex = 0; path = KuchiTests.xctest; sourceTree = BUILT_PRODUCTS_DIR; };
		1566D3FC2C13E54100232833 /* KuchiTests.swift */ = {isa = PBXFileReference; lastKnownFileType = sourcecode.swift; path = KuchiTests.swift; sourceTree = "<group>"; };
		1566D4022C13E54100232833 /* KuchiUITests.xctest */ = {isa = PBXFileReference; explicitFileType = wrapper.cfbundle; includeInIndex = 0; path = KuchiUITests.xctest; sourceTree = BUILT_PRODUCTS_DIR; };
		1566D4062C13E54100232833 /* KuchiUITests.swift */ = {isa = PBXFileReference; lastKnownFileType = sourcecode.swift; path = KuchiUITests.swift; sourceTree = "<group>"; };
		1566D4082C13E54100232833 /* KuchiUITestsLaunchTests.swift */ = {isa = PBXFileReference; lastKnownFileType = sourcecode.swift; path = KuchiUITestsLaunchTests.swift; sourceTree = "<group>"; };
		1566D4172C13E60E00232833 /* Preview Assets.xcassets */ = {isa = PBXFileReference; lastKnownFileType = folder.assetcatalog; path = "Preview Assets.xcassets"; sourceTree = "<group>"; };
		1566D4192C13E63A00232833 /* jp.json */ = {isa = PBXFileReference; lastKnownFileType = text.json; path = jp.json; sourceTree = "<group>"; };
/* End PBXFileReference section */

/* Begin PBXFrameworksBuildPhase section */
		1566D3E52C13E54000232833 /* Frameworks */ = {
			isa = PBXFrameworksBuildPhase;
			buildActionMask = 2147483647;
			files = (
			);
			runOnlyForDeploymentPostprocessing = 0;
		};
		1566D3F52C13E54100232833 /* Frameworks */ = {
			isa = PBXFrameworksBuildPhase;
			buildActionMask = 2147483647;
			files = (
			);
			runOnlyForDeploymentPostprocessing = 0;
		};
		1566D3FF2C13E54100232833 /* Frameworks */ = {
			isa = PBXFrameworksBuildPhase;
			buildActionMask = 2147483647;
			files = (
			);
			runOnlyForDeploymentPostprocessing = 0;
		};
/* End PBXFrameworksBuildPhase section */

/* Begin PBXGroup section */
		150ADE862C13E6FE005F40DC /* Welcome */ = {
			isa = PBXGroup;
			children = (
				150ADE872C13E716005F40DC /* WelcomeView.swift */,
				150ADE892C141132005F40DC /* HorizontallyAlignedLabelStyle.swift */,
			);
			path = Welcome;
			sourceTree = "<group>";
		};
		1566D3DF2C13E54000232833 = {
			isa = PBXGroup;
			children = (
				1566D3EA2C13E54000232833 /* Kuchi */,
				1566D3FB2C13E54100232833 /* KuchiTests */,
				1566D4052C13E54100232833 /* KuchiUITests */,
				1566D3E92C13E54000232833 /* Products */,
			);
			sourceTree = "<group>";
		};
		1566D3E92C13E54000232833 /* Products */ = {
			isa = PBXGroup;
			children = (
				1566D3E82C13E54000232833 /* Kuchi.app */,
				1566D3F82C13E54100232833 /* KuchiTests.xctest */,
				1566D4022C13E54100232833 /* KuchiUITests.xctest */,
			);
			name = Products;
			sourceTree = "<group>";
		};
		1566D3EA2C13E54000232833 /* Kuchi */ = {
			isa = PBXGroup;
			children = (
				150ADE862C13E6FE005F40DC /* Welcome */,
				1566D3EB2C13E54000232833 /* KuchiApp.swift */,
				1566D3ED2C13E54000232833 /* HomeView.swift */,
				1566D4152C13E5C500232833 /* Resources */,
				1566D3F12C13E54100232833 /* Preview Content */,
			);
			path = Kuchi;
			sourceTree = "<group>";
		};
		1566D3F12C13E54100232833 /* Preview Content */ = {
			isa = PBXGroup;
			children = (
				1566D3F22C13E54100232833 /* Preview Assets.xcassets */,
			);
			path = "Preview Content";
			sourceTree = "<group>";
		};
		1566D3FB2C13E54100232833 /* KuchiTests */ = {
			isa = PBXGroup;
			children = (
				1566D3FC2C13E54100232833 /* KuchiTests.swift */,
			);
			path = KuchiTests;
			sourceTree = "<group>";
		};
		1566D4052C13E54100232833 /* KuchiUITests */ = {
			isa = PBXGroup;
			children = (
				1566D4062C13E54100232833 /* KuchiUITests.swift */,
				1566D4082C13E54100232833 /* KuchiUITestsLaunchTests.swift */,
			);
			path = KuchiUITests;
			sourceTree = "<group>";
		};
		1566D4152C13E5C500232833 /* Resources */ = {
			isa = PBXGroup;
			children = (
				1566D3EF2C13E54100232833 /* Assets.xcassets */,
				1566D4162C13E5E900232833 /* PreviewContent */,
				1566D4192C13E63A00232833 /* jp.json */,
			);
			path = Resources;
			sourceTree = "<group>";
		};
		1566D4162C13E5E900232833 /* PreviewContent */ = {
			isa = PBXGroup;
			children = (
				1566D4172C13E60E00232833 /* Preview Assets.xcassets */,
			);
			path = PreviewContent;
			sourceTree = "<group>";
		};
/* End PBXGroup section */

/* Begin PBXNativeTarget section */
		1566D3E72C13E54000232833 /* Kuchi */ = {
			isa = PBXNativeTarget;
			buildConfigurationList = 1566D40C2C13E54100232833 /* Build configuration list for PBXNativeTarget "Kuchi" */;
			buildPhases = (
				1566D3E42C13E54000232833 /* Sources */,
				1566D3E52C13E54000232833 /* Frameworks */,
				1566D3E62C13E54000232833 /* Resources */,
			);
			buildRules = (
			);
			dependencies = (
			);
			name = Kuchi;
			productName = Kuchi;
			productReference = 1566D3E82C13E54000232833 /* Kuchi.app */;
			productType = "com.apple.product-type.application";
		};
		1566D3F72C13E54100232833 /* KuchiTests */ = {
			isa = PBXNativeTarget;
			buildConfigurationList = 1566D40F2C13E54100232833 /* Build configuration list for PBXNativeTarget "KuchiTests" */;
			buildPhases = (
				1566D3F42C13E54100232833 /* Sources */,
				1566D3F52C13E54100232833 /* Frameworks */,
				1566D3F62C13E54100232833 /* Resources */,
			);
			buildRules = (
			);
			dependencies = (
				1566D3FA2C13E54100232833 /* PBXTargetDependency */,
			);
			name = KuchiTests;
			productName = KuchiTests;
			productReference = 1566D3F82C13E54100232833 /* KuchiTests.xctest */;
			productType = "com.apple.product-type.bundle.unit-test";
		};
		1566D4012C13E54100232833 /* KuchiUITests */ = {
			isa = PBXNativeTarget;
			buildConfigurationList = 1566D4122C13E54100232833 /* Build configuration list for PBXNativeTarget "KuchiUITests" */;
			buildPhases = (
				1566D3FE2C13E54100232833 /* Sources */,
				1566D3FF2C13E54100232833 /* Frameworks */,
				1566D4002C13E54100232833 /* Resources */,
			);
			buildRules = (
			);
			dependencies = (
				1566D4042C13E54100232833 /* PBXTargetDependency */,
			);
			name = KuchiUITests;
			productName = KuchiUITests;
			productReference = 1566D4022C13E54100232833 /* KuchiUITests.xctest */;
			productType = "com.apple.product-type.bundle.ui-testing";
		};
/* End PBXNativeTarget section */

/* Begin PBXProject section */
		1566D3E02C13E54000232833 /* Project object */ = {
			isa = PBXProject;
			attributes = {
				BuildIndependentTargetsInParallel = 1;
				LastSwiftUpdateCheck = 1530;
				LastUpgradeCheck = 1530;
				TargetAttributes = {
					1566D3E72C13E54000232833 = {
						CreatedOnToolsVersion = 15.3;
					};
					1566D3F72C13E54100232833 = {
						CreatedOnToolsVersion = 15.3;
						TestTargetID = 1566D3E72C13E54000232833;
					};
					1566D4012C13E54100232833 = {
						CreatedOnToolsVersion = 15.3;
						TestTargetID = 1566D3E72C13E54000232833;
					};
				};
			};
			buildConfigurationList = 1566D3E32C13E54000232833 /* Build configuration list for PBXProject "Kuchi" */;
			compatibilityVersion = "Xcode 14.0";
			developmentRegion = en;
			hasScannedForEncodings = 0;
			knownRegions = (
				en,
				Base,
			);
			mainGroup = 1566D3DF2C13E54000232833;
			productRefGroup = 1566D3E92C13E54000232833 /* Products */;
			projectDirPath = "";
			projectRoot = "";
			targets = (
				1566D3E72C13E54000232833 /* Kuchi */,
				1566D3F72C13E54100232833 /* KuchiTests */,
				1566D4012C13E54100232833 /* KuchiUITests */,
			);
		};
/* End PBXProject section */

/* Begin PBXResourcesBuildPhase section */
		1566D3E62C13E54000232833 /* Resources */ = {
			isa = PBXResourcesBuildPhase;
			buildActionMask = 2147483647;
			files = (
				1566D3F32C13E54100232833 /* Preview Assets.xcassets in Resources */,
				1566D41A2C13E63A00232833 /* jp.json in Resources */,
				1566D4182C13E60E00232833 /* Preview Assets.xcassets in Resources */,
				1566D3F02C13E54100232833 /* Assets.xcassets in Resources */,
			);
			runOnlyForDeploymentPostprocessing = 0;
		};
		1566D3F62C13E54100232833 /* Resources */ = {
			isa = PBXResourcesBuildPhase;
			buildActionMask = 2147483647;
			files = (
			);
			runOnlyForDeploymentPostprocessing = 0;
		};
		1566D4002C13E54100232833 /* Resources */ = {
			isa = PBXResourcesBuildPhase;
			buildActionMask = 2147483647;
			files = (
			);
			runOnlyForDeploymentPostprocessing = 0;
		};
/* End PBXResourcesBuildPhase section */

/* Begin PBXSourcesBuildPhase section */
		1566D3E42C13E54000232833 /* Sources */ = {
			isa = PBXSourcesBuildPhase;
			buildActionMask = 2147483647;
			files = (
				1566D3EE2C13E54000232833 /* HomeView.swift in Sources */,
				150ADE882C13E716005F40DC /* WelcomeView.swift in Sources */,
				150ADE8A2C141132005F40DC /* HorizontallyAlignedLabelStyle.swift in Sources */,
				1566D3EC2C13E54000232833 /* KuchiApp.swift in Sources */,
			);
			runOnlyForDeploymentPostprocessing = 0;
		};
		1566D3F42C13E54100232833 /* Sources */ = {
			isa = PBXSourcesBuildPhase;
			buildActionMask = 2147483647;
			files = (
				1566D3FD2C13E54100232833 /* KuchiTests.swift in Sources */,
			);
			runOnlyForDeploymentPostprocessing = 0;
		};
		1566D3FE2C13E54100232833 /* Sources */ = {
			isa = PBXSourcesBuildPhase;
			buildActionMask = 2147483647;
			files = (
				1566D4072C13E54100232833 /* KuchiUITests.swift in Sources */,
				1566D4092C13E54100232833 /* KuchiUITestsLaunchTests.swift in Sources */,
			);
			runOnlyForDeploymentPostprocessing = 0;
		};
/* End PBXSourcesBuildPhase section */

/* Begin PBXTargetDependency section */
		1566D3FA2C13E54100232833 /* PBXTargetDependency */ = {
			isa = PBXTargetDependency;
			target = 1566D3E72C13E54000232833 /* Kuchi */;
			targetProxy = 1566D3F92C13E54100232833 /* PBXContainerItemProxy */;
		};
		1566D4042C13E54100232833 /* PBXTargetDependency */ = {
			isa = PBXTargetDependency;
			target = 1566D3E72C13E54000232833 /* Kuchi */;
			targetProxy = 1566D4032C13E54100232833 /* PBXContainerItemProxy */;
		};
/* End PBXTargetDependency section */

/* Begin XCBuildConfiguration section */
		1566D40A2C13E54100232833 /* Debug */ = {
			isa = XCBuildConfiguration;
			buildSettings = {
				ALWAYS_SEARCH_USER_PATHS = NO;
				ASSETCATALOG_COMPILER_GENERATE_SWIFT_ASSET_SYMBOL_EXTENSIONS = YES;
				CLANG_ANALYZER_NONNULL = YES;
				CLANG_ANALYZER_NUMBER_OBJECT_CONVERSION = YES_AGGRESSIVE;
				CLANG_CXX_LANGUAGE_STANDARD = "gnu++20";
				CLANG_ENABLE_MODULES = YES;
				CLANG_ENABLE_OBJC_ARC = YES;
				CLANG_ENABLE_OBJC_WEAK = YES;
				CLANG_WARN_BLOCK_CAPTURE_AUTORELEASING = YES;
				CLANG_WARN_BOOL_CONVERSION = YES;
				CLANG_WARN_COMMA = YES;
				CLANG_WARN_CONSTANT_CONVERSION = YES;
				CLANG_WARN_DEPRECATED_OBJC_IMPLEMENTATIONS = YES;
				CLANG_WARN_DIRECT_OBJC_ISA_USAGE = YES_ERROR;
				CLANG_WARN_DOCUMENTATION_COMMENTS = YES;
				CLANG_WARN_EMPTY_BODY = YES;
				CLANG_WARN_ENUM_CONVERSION = YES;
				CLANG_WARN_INFINITE_RECURSION = YES;
				CLANG_WARN_INT_CONVERSION = YES;
				CLANG_WARN_NON_LITERAL_NULL_CONVERSION = YES;
				CLANG_WARN_OBJC_IMPLICIT_RETAIN_SELF = YES;
				CLANG_WARN_OBJC_LITERAL_CONVERSION = YES;
				CLANG_WARN_OBJC_ROOT_CLASS = YES_ERROR;
				CLANG_WARN_QUOTED_INCLUDE_IN_FRAMEWORK_HEADER = YES;
				CLANG_WARN_RANGE_LOOP_ANALYSIS = YES;
				CLANG_WARN_STRICT_PROTOTYPES = YES;
				CLANG_WARN_SUSPICIOUS_MOVE = YES;
				CLANG_WARN_UNGUARDED_AVAILABILITY = YES_AGGRESSIVE;
				CLANG_WARN_UNREACHABLE_CODE = YES;
				CLANG_WARN__DUPLICATE_METHOD_MATCH = YES;
				COPY_PHASE_STRIP = NO;
				DEBUG_INFORMATION_FORMAT = dwarf;
				ENABLE_STRICT_OBJC_MSGSEND = YES;
				ENABLE_TESTABILITY = YES;
				ENABLE_USER_SCRIPT_SANDBOXING = YES;
				GCC_C_LANGUAGE_STANDARD = gnu17;
				GCC_DYNAMIC_NO_PIC = NO;
				GCC_NO_COMMON_BLOCKS = YES;
				GCC_OPTIMIZATION_LEVEL = 0;
				GCC_PREPROCESSOR_DEFINITIONS = (
					"DEBUG=1",
					"$(inherited)",
				);
				GCC_WARN_64_TO_32_BIT_CONVERSION = YES;
				GCC_WARN_ABOUT_RETURN_TYPE = YES_ERROR;
				GCC_WARN_UNDECLARED_SELECTOR = YES;
				GCC_WARN_UNINITIALIZED_AUTOS = YES_AGGRESSIVE;
				GCC_WARN_UNUSED_FUNCTION = YES;
				GCC_WARN_UNUSED_VARIABLE = YES;
				IPHONEOS_DEPLOYMENT_TARGET = 17.4;
				LOCALIZATION_PREFERS_STRING_CATALOGS = YES;
				MTL_ENABLE_DEBUG_INFO = INCLUDE_SOURCE;
				MTL_FAST_MATH = YES;
				ONLY_ACTIVE_ARCH = YES;
				SDKROOT = iphoneos;
				SWIFT_ACTIVE_COMPILATION_CONDITIONS = "DEBUG $(inherited)";
				SWIFT_OPTIMIZATION_LEVEL = "-Onone";
			};
			name = Debug;
		};
		1566D40B2C13E54100232833 /* Release */ = {
			isa = XCBuildConfiguration;
			buildSettings = {
				ALWAYS_SEARCH_USER_PATHS = NO;
				ASSETCATALOG_COMPILER_GENERATE_SWIFT_ASSET_SYMBOL_EXTENSIONS = YES;
				CLANG_ANALYZER_NONNULL = YES;
				CLANG_ANALYZER_NUMBER_OBJECT_CONVERSION = YES_AGGRESSIVE;
				CLANG_CXX_LANGUAGE_STANDARD = "gnu++20";
				CLANG_ENABLE_MODULES = YES;
				CLANG_ENABLE_OBJC_ARC = YES;
				CLANG_ENABLE_OBJC_WEAK = YES;
				CLANG_WARN_BLOCK_CAPTURE_AUTORELEASING = YES;
				CLANG_WARN_BOOL_CONVERSION = YES;
				CLANG_WARN_COMMA = YES;
				CLANG_WARN_CONSTANT_CONVERSION = YES;
				CLANG_WARN_DEPRECATED_OBJC_IMPLEMENTATIONS = YES;
				CLANG_WARN_DIRECT_OBJC_ISA_USAGE = YES_ERROR;
				CLANG_WARN_DOCUMENTATION_COMMENTS = YES;
				CLANG_WARN_EMPTY_BODY = YES;
				CLANG_WARN_ENUM_CONVERSION = YES;
				CLANG_WARN_INFINITE_RECURSION = YES;
				CLANG_WARN_INT_CONVERSION = YES;
				CLANG_WARN_NON_LITERAL_NULL_CONVERSION = YES;
				CLANG_WARN_OBJC_IMPLICIT_RETAIN_SELF = YES;
				CLANG_WARN_OBJC_LITERAL_CONVERSION = YES;
				CLANG_WARN_OBJC_ROOT_CLASS = YES_ERROR;
				CLANG_WARN_QUOTED_INCLUDE_IN_FRAMEWORK_HEADER = YES;
				CLANG_WARN_RANGE_LOOP_ANALYSIS = YES;
				CLANG_WARN_STRICT_PROTOTYPES = YES;
				CLANG_WARN_SUSPICIOUS_MOVE = YES;
				CLANG_WARN_UNGUARDED_AVAILABILITY = YES_AGGRESSIVE;
				CLANG_WARN_UNREACHABLE_CODE = YES;
				CLANG_WARN__DUPLICATE_METHOD_MATCH = YES;
				COPY_PHASE_STRIP = NO;
				DEBUG_INFORMATION_FORMAT = "dwarf-with-dsym";
				ENABLE_NS_ASSERTIONS = NO;
				ENABLE_STRICT_OBJC_MSGSEND = YES;
				ENABLE_USER_SCRIPT_SANDBOXING = YES;
				GCC_C_LANGUAGE_STANDARD = gnu17;
				GCC_NO_COMMON_BLOCKS = YES;
				GCC_WARN_64_TO_32_BIT_CONVERSION = YES;
				GCC_WARN_ABOUT_RETURN_TYPE = YES_ERROR;
				GCC_WARN_UNDECLARED_SELECTOR = YES;
				GCC_WARN_UNINITIALIZED_AUTOS = YES_AGGRESSIVE;
				GCC_WARN_UNUSED_FUNCTION = YES;
				GCC_WARN_UNUSED_VARIABLE = YES;
				IPHONEOS_DEPLOYMENT_TARGET = 17.4;
				LOCALIZATION_PREFERS_STRING_CATALOGS = YES;
				MTL_ENABLE_DEBUG_INFO = NO;
				MTL_FAST_MATH = YES;
				SDKROOT = iphoneos;
				SWIFT_COMPILATION_MODE = wholemodule;
				VALIDATE_PRODUCT = YES;
			};
			name = Release;
		};
		1566D40D2C13E54100232833 /* Debug */ = {
			isa = XCBuildConfiguration;
			buildSettings = {
				ASSETCATALOG_COMPILER_APPICON_NAME = AppIcon;
				ASSETCATALOG_COMPILER_GLOBAL_ACCENT_COLOR_NAME = AccentColor;
				CODE_SIGN_STYLE = Automatic;
				CURRENT_PROJECT_VERSION = 1;
				DEVELOPMENT_ASSET_PATHS = "\"Kuchi/Preview Content\"";
				DEVELOPMENT_TEAM = 3WR7CH3L52;
				ENABLE_PREVIEWS = YES;
				GENERATE_INFOPLIST_FILE = YES;
				INFOPLIST_KEY_UIApplicationSceneManifest_Generation = YES;
				INFOPLIST_KEY_UIApplicationSupportsIndirectInputEvents = YES;
				INFOPLIST_KEY_UILaunchScreen_Generation = YES;
				INFOPLIST_KEY_UISupportedInterfaceOrientations_iPad = "UIInterfaceOrientationPortrait UIInterfaceOrientationPortraitUpsideDown UIInterfaceOrientationLandscapeLeft UIInterfaceOrientationLandscapeRight";
				INFOPLIST_KEY_UISupportedInterfaceOrientations_iPhone = "UIInterfaceOrientationPortrait UIInterfaceOrientationLandscapeLeft UIInterfaceOrientationLandscapeRight";
				LD_RUNPATH_SEARCH_PATHS = (
					"$(inherited)",
					"@executable_path/Frameworks",
				);
				MARKETING_VERSION = 1.0;
				PRODUCT_BUNDLE_IDENTIFIER = gowtham.Kuchi;
				PRODUCT_NAME = "$(TARGET_NAME)";
				SWIFT_EMIT_LOC_STRINGS = YES;
				SWIFT_VERSION = 5.0;
				TARGETED_DEVICE_FAMILY = "1,2";
			};
			name = Debug;
		};
		1566D40E2C13E54100232833 /* Release */ = {
			isa = XCBuildConfiguration;
			buildSettings = {
				ASSETCATALOG_COMPILER_APPICON_NAME = AppIcon;
				ASSETCATALOG_COMPILER_GLOBAL_ACCENT_COLOR_NAME = AccentColor;
				CODE_SIGN_STYLE = Automatic;
				CURRENT_PROJECT_VERSION = 1;
				DEVELOPMENT_ASSET_PATHS = "\"Kuchi/Preview Content\"";
				DEVELOPMENT_TEAM = 3WR7CH3L52;
				ENABLE_PREVIEWS = YES;
				GENERATE_INFOPLIST_FILE = YES;
				INFOPLIST_KEY_UIApplicationSceneManifest_Generation = YES;
				INFOPLIST_KEY_UIApplicationSupportsIndirectInputEvents = YES;
				INFOPLIST_KEY_UILaunchScreen_Generation = YES;
				INFOPLIST_KEY_UISupportedInterfaceOrientations_iPad = "UIInterfaceOrientationPortrait UIInterfaceOrientationPortraitUpsideDown UIInterfaceOrientationLandscapeLeft UIInterfaceOrientationLandscapeRight";
				INFOPLIST_KEY_UISupportedInterfaceOrientations_iPhone = "UIInterfaceOrientationPortrait UIInterfaceOrientationLandscapeLeft UIInterfaceOrientationLandscapeRight";
				LD_RUNPATH_SEARCH_PATHS = (
					"$(inherited)",
					"@executable_path/Frameworks",
				);
				MARKETING_VERSION = 1.0;
				PRODUCT_BUNDLE_IDENTIFIER = gowtham.Kuchi;
				PRODUCT_NAME = "$(TARGET_NAME)";
				SWIFT_EMIT_LOC_STRINGS = YES;
				SWIFT_VERSION = 5.0;
				TARGETED_DEVICE_FAMILY = "1,2";
			};
			name = Release;
		};
		1566D4102C13E54100232833 /* Debug */ = {
			isa = XCBuildConfiguration;
			buildSettings = {
				ALWAYS_EMBED_SWIFT_STANDARD_LIBRARIES = YES;
				BUNDLE_LOADER = "$(TEST_HOST)";
				CODE_SIGN_STYLE = Automatic;
				CURRENT_PROJECT_VERSION = 1;
				DEVELOPMENT_TEAM = 3WR7CH3L52;
				GENERATE_INFOPLIST_FILE = YES;
				IPHONEOS_DEPLOYMENT_TARGET = 17.4;
				MARKETING_VERSION = 1.0;
				PRODUCT_BUNDLE_IDENTIFIER = gowtham.KuchiTests;
				PRODUCT_NAME = "$(TARGET_NAME)";
				SWIFT_EMIT_LOC_STRINGS = NO;
				SWIFT_VERSION = 5.0;
				TARGETED_DEVICE_FAMILY = "1,2";
				TEST_HOST = "$(BUILT_PRODUCTS_DIR)/Kuchi.app/$(BUNDLE_EXECUTABLE_FOLDER_PATH)/Kuchi";
			};
			name = Debug;
		};
		1566D4112C13E54100232833 /* Release */ = {
			isa = XCBuildConfiguration;
			buildSettings = {
				ALWAYS_EMBED_SWIFT_STANDARD_LIBRARIES = YES;
				BUNDLE_LOADER = "$(TEST_HOST)";
				CODE_SIGN_STYLE = Automatic;
				CURRENT_PROJECT_VERSION = 1;
				DEVELOPMENT_TEAM = 3WR7CH3L52;
				GENERATE_INFOPLIST_FILE = YES;
				IPHONEOS_DEPLOYMENT_TARGET = 17.4;
				MARKETING_VERSION = 1.0;
				PRODUCT_BUNDLE_IDENTIFIER = gowtham.KuchiTests;
				PRODUCT_NAME = "$(TARGET_NAME)";
				SWIFT_EMIT_LOC_STRINGS = NO;
				SWIFT_VERSION = 5.0;
				TARGETED_DEVICE_FAMILY = "1,2";
				TEST_HOST = "$(BUILT_PRODUCTS_DIR)/Kuchi.app/$(BUNDLE_EXECUTABLE_FOLDER_PATH)/Kuchi";
			};
			name = Release;
		};
		1566D4132C13E54100232833 /* Debug */ = {
			isa = XCBuildConfiguration;
			buildSettings = {
				ALWAYS_EMBED_SWIFT_STANDARD_LIBRARIES = YES;
				CODE_SIGN_STYLE = Automatic;
				CURRENT_PROJECT_VERSION = 1;
				DEVELOPMENT_TEAM = 3WR7CH3L52;
				GENERATE_INFOPLIST_FILE = YES;
				MARKETING_VERSION = 1.0;
				PRODUCT_BUNDLE_IDENTIFIER = gowtham.KuchiUITests;
				PRODUCT_NAME = "$(TARGET_NAME)";
				SWIFT_EMIT_LOC_STRINGS = NO;
				SWIFT_VERSION = 5.0;
				TARGETED_DEVICE_FAMILY = "1,2";
				TEST_TARGET_NAME = Kuchi;
			};
			name = Debug;
		};
		1566D4142C13E54100232833 /* Release */ = {
			isa = XCBuildConfiguration;
			buildSettings = {
				ALWAYS_EMBED_SWIFT_STANDARD_LIBRARIES = YES;
				CODE_SIGN_STYLE = Automatic;
				CURRENT_PROJECT_VERSION = 1;
				DEVELOPMENT_TEAM = 3WR7CH3L52;
				GENERATE_INFOPLIST_FILE = YES;
				MARKETING_VERSION = 1.0;
				PRODUCT_BUNDLE_IDENTIFIER = gowtham.KuchiUITests;
				PRODUCT_NAME = "$(TARGET_NAME)";
				SWIFT_EMIT_LOC_STRINGS = NO;
				SWIFT_VERSION = 5.0;
				TARGETED_DEVICE_FAMILY = "1,2";
				TEST_TARGET_NAME = Kuchi;
			};
			name = Release;
		};
/* End XCBuildConfiguration section */

/* Begin XCConfigurationList section */
		1566D3E32C13E54000232833 /* Build configuration list for PBXProject "Kuchi" */ = {
			isa = XCConfigurationList;
			buildConfigurations = (
				1566D40A2C13E54100232833 /* Debug */,
				1566D40B2C13E54100232833 /* Release */,
			);
			defaultConfigurationIsVisible = 0;
			defaultConfigurationName = Release;
		};
		1566D40C2C13E54100232833 /* Build configuration list for PBXNativeTarget "Kuchi" */ = {
			isa = XCConfigurationList;
			buildConfigurations = (
				1566D40D2C13E54100232833 /* Debug */,
				1566D40E2C13E54100232833 /* Release */,
			);
			defaultConfigurationIsVisible = 0;
			defaultConfigurationName = Release;
		};
		1566D40F2C13E54100232833 /* Build configuration list for PBXNativeTarget "KuchiTests" */ = {
			isa = XCConfigurationList;
			buildConfigurations = (
				1566D4102C13E54100232833 /* Debug */,
				1566D4112C13E54100232833 /* Release */,
			);
			defaultConfigurationIsVisible = 0;
			defaultConfigurationName = Release;
		};
		1566D4122C13E54100232833 /* Build configuration list for PBXNativeTarget "KuchiUITests" */ = {
			isa = XCConfigurationList;
			buildConfigurations = (
				1566D4132C13E54100232833 /* Debug */,
				1566D4142C13E54100232833 /* Release */,
			);
			defaultConfigurationIsVisible = 0;
			defaultConfigurationName = Release;
		};
/* End XCConfigurationList section */
	};
	rootObject = 1566D3E02C13E54000232833 /* Project object */;
}
